// !$*UTF8*$!
{
	archiveVersion = 1;
	classes = {
	};
	objectVersion = 46;
	objects = {

/* Begin PBXBuildFile section */
		4C2FE4971BDDA8A40050072A /* SWRevealViewController.m in Sources */ = {isa = PBXBuildFile; fileRef = 4C2FE4961BDDA8A40050072A /* SWRevealViewController.m */; };
		4C2FE4991BDDB13F0050072A /* BackTableViewController.swift in Sources */ = {isa = PBXBuildFile; fileRef = 4C2FE4981BDDB13F0050072A /* BackTableViewController.swift */; };
		4C4990631C013DC1003A68CD /* FSCalendar.m in Sources */ = {isa = PBXBuildFile; fileRef = 4C49904A1C013DC1003A68CD /* FSCalendar.m */; };
		4C4990641C013DC1003A68CD /* FSCalendar+IBExtension.m in Sources */ = {isa = PBXBuildFile; fileRef = 4C49904C1C013DC1003A68CD /* FSCalendar+IBExtension.m */; };
		4C4990651C013DC1003A68CD /* FSCalendarAppearance.m in Sources */ = {isa = PBXBuildFile; fileRef = 4C49904E1C013DC1003A68CD /* FSCalendarAppearance.m */; };
		4C4990661C013DC1003A68CD /* FSCalendarCell.m in Sources */ = {isa = PBXBuildFile; fileRef = 4C4990501C013DC1003A68CD /* FSCalendarCell.m */; };
		4C4990671C013DC1003A68CD /* FSCalendarCollectionView.m in Sources */ = {isa = PBXBuildFile; fileRef = 4C4990521C013DC1003A68CD /* FSCalendarCollectionView.m */; };
		4C4990681C013DC1003A68CD /* FSCalendarConstance.m in Sources */ = {isa = PBXBuildFile; fileRef = 4C4990541C013DC1003A68CD /* FSCalendarConstance.m */; };
		4C4990691C013DC1003A68CD /* FSCalendarFlowLayout.m in Sources */ = {isa = PBXBuildFile; fileRef = 4C4990571C013DC1003A68CD /* FSCalendarFlowLayout.m */; };
		4C49906A1C013DC1003A68CD /* FSCalendarHeader.m in Sources */ = {isa = PBXBuildFile; fileRef = 4C4990591C013DC1003A68CD /* FSCalendarHeader.m */; };
		4C49906B1C013DC1003A68CD /* FSCalendarStickyHeader.m in Sources */ = {isa = PBXBuildFile; fileRef = 4C49905B1C013DC1003A68CD /* FSCalendarStickyHeader.m */; };
		4C49906C1C013DC1003A68CD /* Info.plist in Resources */ = {isa = PBXBuildFile; fileRef = 4C49905C1C013DC1003A68CD /* Info.plist */; };
		4C49906D1C013DC1003A68CD /* NSDate+FSExtension.m in Sources */ = {isa = PBXBuildFile; fileRef = 4C49905E1C013DC1003A68CD /* NSDate+FSExtension.m */; };
		4C49906E1C013DC1003A68CD /* NSString+FSExtension.m in Sources */ = {isa = PBXBuildFile; fileRef = 4C4990601C013DC1003A68CD /* NSString+FSExtension.m */; };
		4C49906F1C013DC1003A68CD /* UIView+FSExtension.m in Sources */ = {isa = PBXBuildFile; fileRef = 4C4990621C013DC1003A68CD /* UIView+FSExtension.m */; };
		4C4990721C014176003A68CD /* CalendarViewController.swift in Sources */ = {isa = PBXBuildFile; fileRef = 4C4990711C014176003A68CD /* CalendarViewController.swift */; };
		4C7203951BDE6C5B00DE1700 /* MapViewController.swift in Sources */ = {isa = PBXBuildFile; fileRef = 4C7203941BDE6C5B00DE1700 /* MapViewController.swift */; };
		6A91E16B1BE14B4A00A7AFBE /* SignUpVC.swift in Sources */ = {isa = PBXBuildFile; fileRef = 6A91E16A1BE14B4A00A7AFBE /* SignUpVC.swift */; };
		6A91E1711BE14F9E00A7AFBE /* AudioToolbox.framework in Frameworks */ = {isa = PBXBuildFile; fileRef = 6A91E1701BE14F9E00A7AFBE /* AudioToolbox.framework */; };
		6A91E1731BE14FAA00A7AFBE /* CFNetwork.framework in Frameworks */ = {isa = PBXBuildFile; fileRef = 6A91E1721BE14FAA00A7AFBE /* CFNetwork.framework */; };
		6A91E1751BE14FAF00A7AFBE /* CoreGraphics.framework in Frameworks */ = {isa = PBXBuildFile; fileRef = 6A91E1741BE14FAF00A7AFBE /* CoreGraphics.framework */; };
		6A91E1771BE14FB700A7AFBE /* CoreLocation.framework in Frameworks */ = {isa = PBXBuildFile; fileRef = 6A91E1761BE14FB700A7AFBE /* CoreLocation.framework */; };
		6A91E1791BE14FBD00A7AFBE /* QuartzCore.framework in Frameworks */ = {isa = PBXBuildFile; fileRef = 6A91E1781BE14FBD00A7AFBE /* QuartzCore.framework */; };
		6A91E17B1BE14FC500A7AFBE /* Security.framework in Frameworks */ = {isa = PBXBuildFile; fileRef = 6A91E17A1BE14FC500A7AFBE /* Security.framework */; };
		6A91E17D1BE14FD000A7AFBE /* StoreKit.framework in Frameworks */ = {isa = PBXBuildFile; fileRef = 6A91E17C1BE14FD000A7AFBE /* StoreKit.framework */; };
		6A91E17F1BE14FD800A7AFBE /* SystemConfiguration.framework in Frameworks */ = {isa = PBXBuildFile; fileRef = 6A91E17E1BE14FD800A7AFBE /* SystemConfiguration.framework */; };
		6A91E1811BE14FE100A7AFBE /* libz.tbd in Frameworks */ = {isa = PBXBuildFile; fileRef = 6A91E1801BE14FE100A7AFBE /* libz.tbd */; };
		6A91E1831BE14FEF00A7AFBE /* libsqlite3.tbd in Frameworks */ = {isa = PBXBuildFile; fileRef = 6A91E1821BE14FEF00A7AFBE /* libsqlite3.tbd */; };
		6A91E1851BE153D200A7AFBE /* SignInVC.swift in Sources */ = {isa = PBXBuildFile; fileRef = 6A91E1841BE153D200A7AFBE /* SignInVC.swift */; };
		713869F21BFBD219005A027A /* TimerVC.swift in Sources */ = {isa = PBXBuildFile; fileRef = 713869F11BFBD219005A027A /* TimerVC.swift */; };
		713869F41BFBD540005A027A /* ToDoVC.swift in Sources */ = {isa = PBXBuildFile; fileRef = 713869F31BFBD540005A027A /* ToDoVC.swift */; };
		717CF3FE1C00ED39000ABEB0 /* addToDoItemVC.swift in Sources */ = {isa = PBXBuildFile; fileRef = 717CF3FD1C00ED39000ABEB0 /* addToDoItemVC.swift */; };
		71DBC7481BB5BA3C001B25ED /* AppDelegate.swift in Sources */ = {isa = PBXBuildFile; fileRef = 71DBC7471BB5BA3C001B25ED /* AppDelegate.swift */; };
		71DBC74A1BB5BA3C001B25ED /* ViewController.swift in Sources */ = {isa = PBXBuildFile; fileRef = 71DBC7491BB5BA3C001B25ED /* ViewController.swift */; };
		71DBC74D1BB5BA3C001B25ED /* Main.storyboard in Resources */ = {isa = PBXBuildFile; fileRef = 71DBC74B1BB5BA3C001B25ED /* Main.storyboard */; };
		71DBC74F1BB5BA3C001B25ED /* Images.xcassets in Resources */ = {isa = PBXBuildFile; fileRef = 71DBC74E1BB5BA3C001B25ED /* Images.xcassets */; };
		71DBC7521BB5BA3C001B25ED /* LaunchScreen.xib in Resources */ = {isa = PBXBuildFile; fileRef = 71DBC7501BB5BA3C001B25ED /* LaunchScreen.xib */; };
		71DBC75E1BB5BA3C001B25ED /* College_ReminderTests.swift in Sources */ = {isa = PBXBuildFile; fileRef = 71DBC75D1BB5BA3C001B25ED /* College_ReminderTests.swift */; };
		71EFE7AB1BE17E1C0048F49A /* Bolts.framework in Frameworks */ = {isa = PBXBuildFile; fileRef = 71EFE7A91BE17E1C0048F49A /* Bolts.framework */; };
		71EFE7AC1BE17E1C0048F49A /* Parse.framework in Frameworks */ = {isa = PBXBuildFile; fileRef = 71EFE7AA1BE17E1C0048F49A /* Parse.framework */; };
		E41322D31C027B2C001BA6B5 /* NotesMasterTableViewController.swift in Sources */ = {isa = PBXBuildFile; fileRef = E41322D21C027B2C001BA6B5 /* NotesMasterTableViewController.swift */; settings = {ASSET_TAGS = (); }; };
		E41322D51C027B57001BA6B5 /* NotesMasterTableViewCell.swift in Sources */ = {isa = PBXBuildFile; fileRef = E41322D41C027B57001BA6B5 /* NotesMasterTableViewCell.swift */; settings = {ASSET_TAGS = (); }; };
		E41322D71C027B8C001BA6B5 /* AddNoteTableViewController.swift in Sources */ = {isa = PBXBuildFile; fileRef = E41322D61C027B8C001BA6B5 /* AddNoteTableViewController.swift */; settings = {ASSET_TAGS = (); }; };
		E4689A921C02931100183BA8 /* Social.framework in Frameworks */ = {isa = PBXBuildFile; fileRef = E4689A911C02931100183BA8 /* Social.framework */; };
		E4689A941C02A23700183BA8 /* ImageIO.framework in Frameworks */ = {isa = PBXBuildFile; fileRef = E4689A931C02A23700183BA8 /* ImageIO.framework */; };
		E4689A961C02A25600183BA8 /* MessageUI.framework in Frameworks */ = {isa = PBXBuildFile; fileRef = E4689A951C02A25600183BA8 /* MessageUI.framework */; };
/* End PBXBuildFile section */

/* Begin PBXContainerItemProxy section */
		71DBC7581BB5BA3C001B25ED /* PBXContainerItemProxy */ = {
			isa = PBXContainerItemProxy;
			containerPortal = 71DBC73A1BB5BA3C001B25ED /* Project object */;
			proxyType = 1;
			remoteGlobalIDString = 71DBC7411BB5BA3C001B25ED;
			remoteInfo = "College Reminder";
		};
/* End PBXContainerItemProxy section */

/* Begin PBXFileReference section */
		4C2FE4941BDDA8A40050072A /* College Reminder-Bridging-Header.h */ = {isa = PBXFileReference; lastKnownFileType = sourcecode.c.h; path = "College Reminder-Bridging-Header.h"; sourceTree = "<group>"; };
		4C2FE4951BDDA8A40050072A /* SWRevealViewController.h */ = {isa = PBXFileReference; fileEncoding = 4; lastKnownFileType = sourcecode.c.h; path = SWRevealViewController.h; sourceTree = "<group>"; };
		4C2FE4961BDDA8A40050072A /* SWRevealViewController.m */ = {isa = PBXFileReference; fileEncoding = 4; lastKnownFileType = sourcecode.c.objc; path = SWRevealViewController.m; sourceTree = "<group>"; };
		4C2FE4981BDDB13F0050072A /* BackTableViewController.swift */ = {isa = PBXFileReference; fileEncoding = 4; lastKnownFileType = sourcecode.swift; path = BackTableViewController.swift; sourceTree = "<group>"; };
		4C4990491C013DC1003A68CD /* FSCalendar.h */ = {isa = PBXFileReference; fileEncoding = 4; lastKnownFileType = sourcecode.c.h; path = FSCalendar.h; sourceTree = "<group>"; };
		4C49904A1C013DC1003A68CD /* FSCalendar.m */ = {isa = PBXFileReference; fileEncoding = 4; lastKnownFileType = sourcecode.c.objc; path = FSCalendar.m; sourceTree = "<group>"; };
		4C49904B1C013DC1003A68CD /* FSCalendar+IBExtension.h */ = {isa = PBXFileReference; fileEncoding = 4; lastKnownFileType = sourcecode.c.h; path = "FSCalendar+IBExtension.h"; sourceTree = "<group>"; };
		4C49904C1C013DC1003A68CD /* FSCalendar+IBExtension.m */ = {isa = PBXFileReference; fileEncoding = 4; lastKnownFileType = sourcecode.c.objc; path = "FSCalendar+IBExtension.m"; sourceTree = "<group>"; };
		4C49904D1C013DC1003A68CD /* FSCalendarAppearance.h */ = {isa = PBXFileReference; fileEncoding = 4; lastKnownFileType = sourcecode.c.h; path = FSCalendarAppearance.h; sourceTree = "<group>"; };
		4C49904E1C013DC1003A68CD /* FSCalendarAppearance.m */ = {isa = PBXFileReference; fileEncoding = 4; lastKnownFileType = sourcecode.c.objc; path = FSCalendarAppearance.m; sourceTree = "<group>"; };
		4C49904F1C013DC1003A68CD /* FSCalendarCell.h */ = {isa = PBXFileReference; fileEncoding = 4; lastKnownFileType = sourcecode.c.h; path = FSCalendarCell.h; sourceTree = "<group>"; };
		4C4990501C013DC1003A68CD /* FSCalendarCell.m */ = {isa = PBXFileReference; fileEncoding = 4; lastKnownFileType = sourcecode.c.objc; path = FSCalendarCell.m; sourceTree = "<group>"; };
		4C4990511C013DC1003A68CD /* FSCalendarCollectionView.h */ = {isa = PBXFileReference; fileEncoding = 4; lastKnownFileType = sourcecode.c.h; path = FSCalendarCollectionView.h; sourceTree = "<group>"; };
		4C4990521C013DC1003A68CD /* FSCalendarCollectionView.m */ = {isa = PBXFileReference; fileEncoding = 4; lastKnownFileType = sourcecode.c.objc; path = FSCalendarCollectionView.m; sourceTree = "<group>"; };
		4C4990531C013DC1003A68CD /* FSCalendarConstance.h */ = {isa = PBXFileReference; fileEncoding = 4; lastKnownFileType = sourcecode.c.h; path = FSCalendarConstance.h; sourceTree = "<group>"; };
		4C4990541C013DC1003A68CD /* FSCalendarConstance.m */ = {isa = PBXFileReference; fileEncoding = 4; lastKnownFileType = sourcecode.c.objc; path = FSCalendarConstance.m; sourceTree = "<group>"; };
		4C4990551C013DC1003A68CD /* FSCalendarDynamicHeader.h */ = {isa = PBXFileReference; fileEncoding = 4; lastKnownFileType = sourcecode.c.h; path = FSCalendarDynamicHeader.h; sourceTree = "<group>"; };
		4C4990561C013DC1003A68CD /* FSCalendarFlowLayout.h */ = {isa = PBXFileReference; fileEncoding = 4; lastKnownFileType = sourcecode.c.h; path = FSCalendarFlowLayout.h; sourceTree = "<group>"; };
		4C4990571C013DC1003A68CD /* FSCalendarFlowLayout.m */ = {isa = PBXFileReference; fileEncoding = 4; lastKnownFileType = sourcecode.c.objc; path = FSCalendarFlowLayout.m; sourceTree = "<group>"; };
		4C4990581C013DC1003A68CD /* FSCalendarHeader.h */ = {isa = PBXFileReference; fileEncoding = 4; lastKnownFileType = sourcecode.c.h; path = FSCalendarHeader.h; sourceTree = "<group>"; };
		4C4990591C013DC1003A68CD /* FSCalendarHeader.m */ = {isa = PBXFileReference; fileEncoding = 4; lastKnownFileType = sourcecode.c.objc; path = FSCalendarHeader.m; sourceTree = "<group>"; };
		4C49905A1C013DC1003A68CD /* FSCalendarStickyHeader.h */ = {isa = PBXFileReference; fileEncoding = 4; lastKnownFileType = sourcecode.c.h; path = FSCalendarStickyHeader.h; sourceTree = "<group>"; };
		4C49905B1C013DC1003A68CD /* FSCalendarStickyHeader.m */ = {isa = PBXFileReference; fileEncoding = 4; lastKnownFileType = sourcecode.c.objc; path = FSCalendarStickyHeader.m; sourceTree = "<group>"; };
		4C49905C1C013DC1003A68CD /* Info.plist */ = {isa = PBXFileReference; fileEncoding = 4; lastKnownFileType = text.plist.xml; path = Info.plist; sourceTree = "<group>"; };
		4C49905D1C013DC1003A68CD /* NSDate+FSExtension.h */ = {isa = PBXFileReference; fileEncoding = 4; lastKnownFileType = sourcecode.c.h; path = "NSDate+FSExtension.h"; sourceTree = "<group>"; };
		4C49905E1C013DC1003A68CD /* NSDate+FSExtension.m */ = {isa = PBXFileReference; fileEncoding = 4; lastKnownFileType = sourcecode.c.objc; path = "NSDate+FSExtension.m"; sourceTree = "<group>"; };
		4C49905F1C013DC1003A68CD /* NSString+FSExtension.h */ = {isa = PBXFileReference; fileEncoding = 4; lastKnownFileType = sourcecode.c.h; path = "NSString+FSExtension.h"; sourceTree = "<group>"; };
		4C4990601C013DC1003A68CD /* NSString+FSExtension.m */ = {isa = PBXFileReference; fileEncoding = 4; lastKnownFileType = sourcecode.c.objc; path = "NSString+FSExtension.m"; sourceTree = "<group>"; };
		4C4990611C013DC1003A68CD /* UIView+FSExtension.h */ = {isa = PBXFileReference; fileEncoding = 4; lastKnownFileType = sourcecode.c.h; path = "UIView+FSExtension.h"; sourceTree = "<group>"; };
		4C4990621C013DC1003A68CD /* UIView+FSExtension.m */ = {isa = PBXFileReference; fileEncoding = 4; lastKnownFileType = sourcecode.c.objc; path = "UIView+FSExtension.m"; sourceTree = "<group>"; };
		4C4990711C014176003A68CD /* CalendarViewController.swift */ = {isa = PBXFileReference; fileEncoding = 4; lastKnownFileType = sourcecode.swift; path = CalendarViewController.swift; sourceTree = "<group>"; };
		4C7203941BDE6C5B00DE1700 /* MapViewController.swift */ = {isa = PBXFileReference; fileEncoding = 4; lastKnownFileType = sourcecode.swift; path = MapViewController.swift; sourceTree = "<group>"; };
		6A91E16A1BE14B4A00A7AFBE /* SignUpVC.swift */ = {isa = PBXFileReference; fileEncoding = 4; lastKnownFileType = sourcecode.swift; path = SignUpVC.swift; sourceTree = "<group>"; };
		6A91E1701BE14F9E00A7AFBE /* AudioToolbox.framework */ = {isa = PBXFileReference; lastKnownFileType = wrapper.framework; name = AudioToolbox.framework; path = System/Library/Frameworks/AudioToolbox.framework; sourceTree = SDKROOT; };
		6A91E1721BE14FAA00A7AFBE /* CFNetwork.framework */ = {isa = PBXFileReference; lastKnownFileType = wrapper.framework; name = CFNetwork.framework; path = System/Library/Frameworks/CFNetwork.framework; sourceTree = SDKROOT; };
		6A91E1741BE14FAF00A7AFBE /* CoreGraphics.framework */ = {isa = PBXFileReference; lastKnownFileType = wrapper.framework; name = CoreGraphics.framework; path = System/Library/Frameworks/CoreGraphics.framework; sourceTree = SDKROOT; };
		6A91E1761BE14FB700A7AFBE /* CoreLocation.framework */ = {isa = PBXFileReference; lastKnownFileType = wrapper.framework; name = CoreLocation.framework; path = System/Library/Frameworks/CoreLocation.framework; sourceTree = SDKROOT; };
		6A91E1781BE14FBD00A7AFBE /* QuartzCore.framework */ = {isa = PBXFileReference; lastKnownFileType = wrapper.framework; name = QuartzCore.framework; path = System/Library/Frameworks/QuartzCore.framework; sourceTree = SDKROOT; };
		6A91E17A1BE14FC500A7AFBE /* Security.framework */ = {isa = PBXFileReference; lastKnownFileType = wrapper.framework; name = Security.framework; path = System/Library/Frameworks/Security.framework; sourceTree = SDKROOT; };
		6A91E17C1BE14FD000A7AFBE /* StoreKit.framework */ = {isa = PBXFileReference; lastKnownFileType = wrapper.framework; name = StoreKit.framework; path = System/Library/Frameworks/StoreKit.framework; sourceTree = SDKROOT; };
		6A91E17E1BE14FD800A7AFBE /* SystemConfiguration.framework */ = {isa = PBXFileReference; lastKnownFileType = wrapper.framework; name = SystemConfiguration.framework; path = System/Library/Frameworks/SystemConfiguration.framework; sourceTree = SDKROOT; };
		6A91E1801BE14FE100A7AFBE /* libz.tbd */ = {isa = PBXFileReference; lastKnownFileType = "sourcecode.text-based-dylib-definition"; name = libz.tbd; path = usr/lib/libz.tbd; sourceTree = SDKROOT; };
		6A91E1821BE14FEF00A7AFBE /* libsqlite3.tbd */ = {isa = PBXFileReference; lastKnownFileType = "sourcecode.text-based-dylib-definition"; name = libsqlite3.tbd; path = usr/lib/libsqlite3.tbd; sourceTree = SDKROOT; };
		6A91E1841BE153D200A7AFBE /* SignInVC.swift */ = {isa = PBXFileReference; fileEncoding = 4; lastKnownFileType = sourcecode.swift; path = SignInVC.swift; sourceTree = "<group>"; };
		713869F11BFBD219005A027A /* TimerVC.swift */ = {isa = PBXFileReference; fileEncoding = 4; lastKnownFileType = sourcecode.swift; path = TimerVC.swift; sourceTree = "<group>"; };
		713869F31BFBD540005A027A /* ToDoVC.swift */ = {isa = PBXFileReference; fileEncoding = 4; lastKnownFileType = sourcecode.swift; path = ToDoVC.swift; sourceTree = "<group>"; };
		717CF3FD1C00ED39000ABEB0 /* addToDoItemVC.swift */ = {isa = PBXFileReference; fileEncoding = 4; lastKnownFileType = sourcecode.swift; path = addToDoItemVC.swift; sourceTree = "<group>"; };
		71DBC7421BB5BA3C001B25ED /* College Reminder.app */ = {isa = PBXFileReference; explicitFileType = wrapper.application; includeInIndex = 0; path = "College Reminder.app"; sourceTree = BUILT_PRODUCTS_DIR; };
		71DBC7461BB5BA3C001B25ED /* Info.plist */ = {isa = PBXFileReference; lastKnownFileType = text.plist.xml; path = Info.plist; sourceTree = "<group>"; };
		71DBC7471BB5BA3C001B25ED /* AppDelegate.swift */ = {isa = PBXFileReference; lastKnownFileType = sourcecode.swift; path = AppDelegate.swift; sourceTree = "<group>"; };
		71DBC7491BB5BA3C001B25ED /* ViewController.swift */ = {isa = PBXFileReference; lastKnownFileType = sourcecode.swift; path = ViewController.swift; sourceTree = "<group>"; };
		71DBC74C1BB5BA3C001B25ED /* Base */ = {isa = PBXFileReference; lastKnownFileType = file.storyboard; name = Base; path = Base.lproj/Main.storyboard; sourceTree = "<group>"; };
		71DBC74E1BB5BA3C001B25ED /* Images.xcassets */ = {isa = PBXFileReference; lastKnownFileType = folder.assetcatalog; path = Images.xcassets; sourceTree = "<group>"; };
		71DBC7511BB5BA3C001B25ED /* Base */ = {isa = PBXFileReference; lastKnownFileType = file.xib; name = Base; path = Base.lproj/LaunchScreen.xib; sourceTree = "<group>"; };
		71DBC7571BB5BA3C001B25ED /* College ReminderTests.xctest */ = {isa = PBXFileReference; explicitFileType = wrapper.cfbundle; includeInIndex = 0; path = "College ReminderTests.xctest"; sourceTree = BUILT_PRODUCTS_DIR; };
		71DBC75C1BB5BA3C001B25ED /* Info.plist */ = {isa = PBXFileReference; lastKnownFileType = text.plist.xml; path = Info.plist; sourceTree = "<group>"; };
		71DBC75D1BB5BA3C001B25ED /* College_ReminderTests.swift */ = {isa = PBXFileReference; lastKnownFileType = sourcecode.swift; path = College_ReminderTests.swift; sourceTree = "<group>"; };
		71EFE7A91BE17E1C0048F49A /* Bolts.framework */ = {isa = PBXFileReference; lastKnownFileType = wrapper.framework; path = Bolts.framework; sourceTree = "<group>"; };
		71EFE7AA1BE17E1C0048F49A /* Parse.framework */ = {isa = PBXFileReference; lastKnownFileType = wrapper.framework; path = Parse.framework; sourceTree = "<group>"; };
		E41322D21C027B2C001BA6B5 /* NotesMasterTableViewController.swift */ = {isa = PBXFileReference; fileEncoding = 4; lastKnownFileType = sourcecode.swift; path = NotesMasterTableViewController.swift; sourceTree = "<group>"; };
		E41322D41C027B57001BA6B5 /* NotesMasterTableViewCell.swift */ = {isa = PBXFileReference; fileEncoding = 4; lastKnownFileType = sourcecode.swift; path = NotesMasterTableViewCell.swift; sourceTree = "<group>"; };
		E41322D61C027B8C001BA6B5 /* AddNoteTableViewController.swift */ = {isa = PBXFileReference; fileEncoding = 4; lastKnownFileType = sourcecode.swift; path = AddNoteTableViewController.swift; sourceTree = "<group>"; };
		E4689A911C02931100183BA8 /* Social.framework */ = {isa = PBXFileReference; lastKnownFileType = wrapper.framework; name = Social.framework; path = System/Library/Frameworks/Social.framework; sourceTree = SDKROOT; };
		E4689A931C02A23700183BA8 /* ImageIO.framework */ = {isa = PBXFileReference; lastKnownFileType = wrapper.framework; name = ImageIO.framework; path = System/Library/Frameworks/ImageIO.framework; sourceTree = SDKROOT; };
		E4689A951C02A25600183BA8 /* MessageUI.framework */ = {isa = PBXFileReference; lastKnownFileType = wrapper.framework; name = MessageUI.framework; path = System/Library/Frameworks/MessageUI.framework; sourceTree = SDKROOT; };
/* End PBXFileReference section */

/* Begin PBXFrameworksBuildPhase section */
		71DBC73F1BB5BA3C001B25ED /* Frameworks */ = {
			isa = PBXFrameworksBuildPhase;
			buildActionMask = 2147483647;
			files = (
				E4689A961C02A25600183BA8 /* MessageUI.framework in Frameworks */,
				E4689A941C02A23700183BA8 /* ImageIO.framework in Frameworks */,
				E4689A921C02931100183BA8 /* Social.framework in Frameworks */,
				6A91E1831BE14FEF00A7AFBE /* libsqlite3.tbd in Frameworks */,
				6A91E1811BE14FE100A7AFBE /* libz.tbd in Frameworks */,
				6A91E17F1BE14FD800A7AFBE /* SystemConfiguration.framework in Frameworks */,
				6A91E17D1BE14FD000A7AFBE /* StoreKit.framework in Frameworks */,
				6A91E17B1BE14FC500A7AFBE /* Security.framework in Frameworks */,
				6A91E1791BE14FBD00A7AFBE /* QuartzCore.framework in Frameworks */,
				6A91E1771BE14FB700A7AFBE /* CoreLocation.framework in Frameworks */,
				6A91E1751BE14FAF00A7AFBE /* CoreGraphics.framework in Frameworks */,
				71EFE7AB1BE17E1C0048F49A /* Bolts.framework in Frameworks */,
				6A91E1731BE14FAA00A7AFBE /* CFNetwork.framework in Frameworks */,
				71EFE7AC1BE17E1C0048F49A /* Parse.framework in Frameworks */,
				6A91E1711BE14F9E00A7AFBE /* AudioToolbox.framework in Frameworks */,
			);
			runOnlyForDeploymentPostprocessing = 0;
		};
		71DBC7541BB5BA3C001B25ED /* Frameworks */ = {
			isa = PBXFrameworksBuildPhase;
			buildActionMask = 2147483647;
			files = (
			);
			runOnlyForDeploymentPostprocessing = 0;
		};
/* End PBXFrameworksBuildPhase section */

/* Begin PBXGroup section */
		4C4990701C014017003A68CD /* FSCalendar */ = {
			isa = PBXGroup;
			children = (
				4C4990491C013DC1003A68CD /* FSCalendar.h */,
				4C49904A1C013DC1003A68CD /* FSCalendar.m */,
				4C49904B1C013DC1003A68CD /* FSCalendar+IBExtension.h */,
				4C49904C1C013DC1003A68CD /* FSCalendar+IBExtension.m */,
				4C49904D1C013DC1003A68CD /* FSCalendarAppearance.h */,
				4C49904E1C013DC1003A68CD /* FSCalendarAppearance.m */,
				4C49904F1C013DC1003A68CD /* FSCalendarCell.h */,
				4C4990501C013DC1003A68CD /* FSCalendarCell.m */,
				4C4990511C013DC1003A68CD /* FSCalendarCollectionView.h */,
				4C4990521C013DC1003A68CD /* FSCalendarCollectionView.m */,
				4C4990531C013DC1003A68CD /* FSCalendarConstance.h */,
				4C4990541C013DC1003A68CD /* FSCalendarConstance.m */,
				4C4990551C013DC1003A68CD /* FSCalendarDynamicHeader.h */,
				4C4990561C013DC1003A68CD /* FSCalendarFlowLayout.h */,
				4C4990571C013DC1003A68CD /* FSCalendarFlowLayout.m */,
				4C4990581C013DC1003A68CD /* FSCalendarHeader.h */,
				4C4990591C013DC1003A68CD /* FSCalendarHeader.m */,
				4C49905A1C013DC1003A68CD /* FSCalendarStickyHeader.h */,
				4C49905B1C013DC1003A68CD /* FSCalendarStickyHeader.m */,
				4C49905C1C013DC1003A68CD /* Info.plist */,
				4C49905D1C013DC1003A68CD /* NSDate+FSExtension.h */,
				4C49905E1C013DC1003A68CD /* NSDate+FSExtension.m */,
				4C49905F1C013DC1003A68CD /* NSString+FSExtension.h */,
				4C4990601C013DC1003A68CD /* NSString+FSExtension.m */,
				4C4990611C013DC1003A68CD /* UIView+FSExtension.h */,
				4C4990621C013DC1003A68CD /* UIView+FSExtension.m */,
			);
			name = FSCalendar;
			path = ..;
			sourceTree = "<group>";
		};
		71DBC7391BB5BA3C001B25ED = {
			isa = PBXGroup;
			children = (
				E4689A951C02A25600183BA8 /* MessageUI.framework */,
				E4689A931C02A23700183BA8 /* ImageIO.framework */,
				E4689A911C02931100183BA8 /* Social.framework */,
				6A91E1821BE14FEF00A7AFBE /* libsqlite3.tbd */,
				6A91E1801BE14FE100A7AFBE /* libz.tbd */,
				71EFE7A91BE17E1C0048F49A /* Bolts.framework */,
				71EFE7AA1BE17E1C0048F49A /* Parse.framework */,
				6A91E17E1BE14FD800A7AFBE /* SystemConfiguration.framework */,
				6A91E17C1BE14FD000A7AFBE /* StoreKit.framework */,
				6A91E17A1BE14FC500A7AFBE /* Security.framework */,
				6A91E1781BE14FBD00A7AFBE /* QuartzCore.framework */,
				6A91E1761BE14FB700A7AFBE /* CoreLocation.framework */,
				6A91E1741BE14FAF00A7AFBE /* CoreGraphics.framework */,
				6A91E1721BE14FAA00A7AFBE /* CFNetwork.framework */,
				6A91E1701BE14F9E00A7AFBE /* AudioToolbox.framework */,
				71DBC7441BB5BA3C001B25ED /* College Reminder */,
				71DBC75A1BB5BA3C001B25ED /* College ReminderTests */,
				71DBC7431BB5BA3C001B25ED /* Products */,
			);
			sourceTree = "<group>";
		};
		71DBC7431BB5BA3C001B25ED /* Products */ = {
			isa = PBXGroup;
			children = (
				71DBC7421BB5BA3C001B25ED /* College Reminder.app */,
				71DBC7571BB5BA3C001B25ED /* College ReminderTests.xctest */,
			);
			name = Products;
			sourceTree = "<group>";
		};
		71DBC7441BB5BA3C001B25ED /* College Reminder */ = {
			isa = PBXGroup;
			children = (
				71DBC7471BB5BA3C001B25ED /* AppDelegate.swift */,
				71DBC7491BB5BA3C001B25ED /* ViewController.swift */,
				6A91E16A1BE14B4A00A7AFBE /* SignUpVC.swift */,
				E41322D21C027B2C001BA6B5 /* NotesMasterTableViewController.swift */,
				E41322D41C027B57001BA6B5 /* NotesMasterTableViewCell.swift */,
				713869F11BFBD219005A027A /* TimerVC.swift */,
				6A91E1841BE153D200A7AFBE /* SignInVC.swift */,
				E41322D61C027B8C001BA6B5 /* AddNoteTableViewController.swift */,
				713869F31BFBD540005A027A /* ToDoVC.swift */,
				717CF3FD1C00ED39000ABEB0 /* addToDoItemVC.swift */,
				4C2FE4981BDDB13F0050072A /* BackTableViewController.swift */,
				4C7203941BDE6C5B00DE1700 /* MapViewController.swift */,
				71DBC74B1BB5BA3C001B25ED /* Main.storyboard */,
				4C4990711C014176003A68CD /* CalendarViewController.swift */,
				71DBC74E1BB5BA3C001B25ED /* Images.xcassets */,
				71DBC7501BB5BA3C001B25ED /* LaunchScreen.xib */,
				4C4990701C014017003A68CD /* FSCalendar */,
				71DBC7451BB5BA3C001B25ED /* Supporting Files */,
			);
			path = "College Reminder";
			sourceTree = "<group>";
		};
		71DBC7451BB5BA3C001B25ED /* Supporting Files */ = {
			isa = PBXGroup;
			children = (
				4C2FE4951BDDA8A40050072A /* SWRevealViewController.h */,
				4C2FE4961BDDA8A40050072A /* SWRevealViewController.m */,
				71DBC7461BB5BA3C001B25ED /* Info.plist */,
				4C2FE4941BDDA8A40050072A /* College Reminder-Bridging-Header.h */,
			);
			name = "Supporting Files";
			sourceTree = "<group>";
		};
		71DBC75A1BB5BA3C001B25ED /* College ReminderTests */ = {
			isa = PBXGroup;
			children = (
				71DBC75D1BB5BA3C001B25ED /* College_ReminderTests.swift */,
				71DBC75B1BB5BA3C001B25ED /* Supporting Files */,
			);
			path = "College ReminderTests";
			sourceTree = "<group>";
		};
		71DBC75B1BB5BA3C001B25ED /* Supporting Files */ = {
			isa = PBXGroup;
			children = (
				71DBC75C1BB5BA3C001B25ED /* Info.plist */,
			);
			name = "Supporting Files";
			sourceTree = "<group>";
		};
/* End PBXGroup section */

/* Begin PBXNativeTarget section */
		71DBC7411BB5BA3C001B25ED /* College Reminder */ = {
			isa = PBXNativeTarget;
			buildConfigurationList = 71DBC7611BB5BA3C001B25ED /* Build configuration list for PBXNativeTarget "College Reminder" */;
			buildPhases = (
				71DBC73E1BB5BA3C001B25ED /* Sources */,
				71DBC73F1BB5BA3C001B25ED /* Frameworks */,
				71DBC7401BB5BA3C001B25ED /* Resources */,
			);
			buildRules = (
			);
			dependencies = (
			);
			name = "College Reminder";
			productName = "College Reminder";
			productReference = 71DBC7421BB5BA3C001B25ED /* College Reminder.app */;
			productType = "com.apple.product-type.application";
		};
		71DBC7561BB5BA3C001B25ED /* College ReminderTests */ = {
			isa = PBXNativeTarget;
			buildConfigurationList = 71DBC7641BB5BA3C001B25ED /* Build configuration list for PBXNativeTarget "College ReminderTests" */;
			buildPhases = (
				71DBC7531BB5BA3C001B25ED /* Sources */,
				71DBC7541BB5BA3C001B25ED /* Frameworks */,
				71DBC7551BB5BA3C001B25ED /* Resources */,
			);
			buildRules = (
			);
			dependencies = (
				71DBC7591BB5BA3C001B25ED /* PBXTargetDependency */,
			);
			name = "College ReminderTests";
			productName = "College ReminderTests";
			productReference = 71DBC7571BB5BA3C001B25ED /* College ReminderTests.xctest */;
			productType = "com.apple.product-type.bundle.unit-test";
		};
/* End PBXNativeTarget section */

/* Begin PBXProject section */
		71DBC73A1BB5BA3C001B25ED /* Project object */ = {
			isa = PBXProject;
			attributes = {
				LastSwiftUpdateCheck = 0710;
				LastUpgradeCheck = 0700;
				ORGANIZATIONNAME = "alejandro casanas";
				TargetAttributes = {
					71DBC7411BB5BA3C001B25ED = {
						CreatedOnToolsVersion = 6.4;
					};
					71DBC7561BB5BA3C001B25ED = {
						CreatedOnToolsVersion = 6.4;
						TestTargetID = 71DBC7411BB5BA3C001B25ED;
					};
				};
			};
			buildConfigurationList = 71DBC73D1BB5BA3C001B25ED /* Build configuration list for PBXProject "College Reminder" */;
			compatibilityVersion = "Xcode 3.2";
			developmentRegion = English;
			hasScannedForEncodings = 0;
			knownRegions = (
				en,
				Base,
			);
			mainGroup = 71DBC7391BB5BA3C001B25ED;
			productRefGroup = 71DBC7431BB5BA3C001B25ED /* Products */;
			projectDirPath = "";
			projectRoot = "";
			targets = (
				71DBC7411BB5BA3C001B25ED /* College Reminder */,
				71DBC7561BB5BA3C001B25ED /* College ReminderTests */,
			);
		};
/* End PBXProject section */

/* Begin PBXResourcesBuildPhase section */
		71DBC7401BB5BA3C001B25ED /* Resources */ = {
			isa = PBXResourcesBuildPhase;
			buildActionMask = 2147483647;
			files = (
				4C49906C1C013DC1003A68CD /* Info.plist in Resources */,
				71DBC74D1BB5BA3C001B25ED /* Main.storyboard in Resources */,
				71DBC7521BB5BA3C001B25ED /* LaunchScreen.xib in Resources */,
				71DBC74F1BB5BA3C001B25ED /* Images.xcassets in Resources */,
			);
			runOnlyForDeploymentPostprocessing = 0;
		};
		71DBC7551BB5BA3C001B25ED /* Resources */ = {
			isa = PBXResourcesBuildPhase;
			buildActionMask = 2147483647;
			files = (
			);
			runOnlyForDeploymentPostprocessing = 0;
		};
/* End PBXResourcesBuildPhase section */

/* Begin PBXSourcesBuildPhase section */
		71DBC73E1BB5BA3C001B25ED /* Sources */ = {
			isa = PBXSourcesBuildPhase;
			buildActionMask = 2147483647;
			files = (
				4C2FE4991BDDB13F0050072A /* BackTableViewController.swift in Sources */,
				4C49906A1C013DC1003A68CD /* FSCalendarHeader.m in Sources */,
				4C4990681C013DC1003A68CD /* FSCalendarConstance.m in Sources */,
				71DBC74A1BB5BA3C001B25ED /* ViewController.swift in Sources */,
				4C4990721C014176003A68CD /* CalendarViewController.swift in Sources */,
				4C4990631C013DC1003A68CD /* FSCalendar.m in Sources */,
				713869F21BFBD219005A027A /* TimerVC.swift in Sources */,
				71DBC7481BB5BA3C001B25ED /* AppDelegate.swift in Sources */,
				4C4990651C013DC1003A68CD /* FSCalendarAppearance.m in Sources */,
				4C7203951BDE6C5B00DE1700 /* MapViewController.swift in Sources */,
				4C4990691C013DC1003A68CD /* FSCalendarFlowLayout.m in Sources */,
				E41322D31C027B2C001BA6B5 /* NotesMasterTableViewController.swift in Sources */,
				4C4990671C013DC1003A68CD /* FSCalendarCollectionView.m in Sources */,
				4C49906F1C013DC1003A68CD /* UIView+FSExtension.m in Sources */,
				717CF3FE1C00ED39000ABEB0 /* addToDoItemVC.swift in Sources */,
				4C4990661C013DC1003A68CD /* FSCalendarCell.m in Sources */,
				E41322D71C027B8C001BA6B5 /* AddNoteTableViewController.swift in Sources */,
				713869F41BFBD540005A027A /* ToDoVC.swift in Sources */,
				E41322D51C027B57001BA6B5 /* NotesMasterTableViewCell.swift in Sources */,
				4C49906B1C013DC1003A68CD /* FSCalendarStickyHeader.m in Sources */,
				6A91E1851BE153D200A7AFBE /* SignInVC.swift in Sources */,
				4C49906E1C013DC1003A68CD /* NSString+FSExtension.m in Sources */,
				4C4990641C013DC1003A68CD /* FSCalendar+IBExtension.m in Sources */,
				6A91E16B1BE14B4A00A7AFBE /* SignUpVC.swift in Sources */,
				4C2FE4971BDDA8A40050072A /* SWRevealViewController.m in Sources */,
				4C49906D1C013DC1003A68CD /* NSDate+FSExtension.m in Sources */,
			);
			runOnlyForDeploymentPostprocessing = 0;
		};
		71DBC7531BB5BA3C001B25ED /* Sources */ = {
			isa = PBXSourcesBuildPhase;
			buildActionMask = 2147483647;
			files = (
				71DBC75E1BB5BA3C001B25ED /* College_ReminderTests.swift in Sources */,
			);
			runOnlyForDeploymentPostprocessing = 0;
		};
/* End PBXSourcesBuildPhase section */

/* Begin PBXTargetDependency section */
		71DBC7591BB5BA3C001B25ED /* PBXTargetDependency */ = {
			isa = PBXTargetDependency;
			target = 71DBC7411BB5BA3C001B25ED /* College Reminder */;
			targetProxy = 71DBC7581BB5BA3C001B25ED /* PBXContainerItemProxy */;
		};
/* End PBXTargetDependency section */

/* Begin PBXVariantGroup section */
		71DBC74B1BB5BA3C001B25ED /* Main.storyboard */ = {
			isa = PBXVariantGroup;
			children = (
				71DBC74C1BB5BA3C001B25ED /* Base */,
			);
			name = Main.storyboard;
			sourceTree = "<group>";
		};
		71DBC7501BB5BA3C001B25ED /* LaunchScreen.xib */ = {
			isa = PBXVariantGroup;
			children = (
				71DBC7511BB5BA3C001B25ED /* Base */,
			);
			name = LaunchScreen.xib;
			sourceTree = "<group>";
		};
/* End PBXVariantGroup section */

/* Begin XCBuildConfiguration section */
		71DBC75F1BB5BA3C001B25ED /* Debug */ = {
			isa = XCBuildConfiguration;
			buildSettings = {
				ALWAYS_SEARCH_USER_PATHS = NO;
				CLANG_CXX_LANGUAGE_STANDARD = "gnu++0x";
				CLANG_CXX_LIBRARY = "libc++";
				CLANG_ENABLE_MODULES = YES;
				CLANG_ENABLE_OBJC_ARC = YES;
				CLANG_WARN_BOOL_CONVERSION = YES;
				CLANG_WARN_CONSTANT_CONVERSION = YES;
				CLANG_WARN_DIRECT_OBJC_ISA_USAGE = YES_ERROR;
				CLANG_WARN_EMPTY_BODY = YES;
				CLANG_WARN_ENUM_CONVERSION = YES;
				CLANG_WARN_INT_CONVERSION = YES;
				CLANG_WARN_OBJC_ROOT_CLASS = YES_ERROR;
				CLANG_WARN_UNREACHABLE_CODE = YES;
				CLANG_WARN__DUPLICATE_METHOD_MATCH = YES;
				"CODE_SIGN_IDENTITY[sdk=iphoneos*]" = "iPhone Developer";
				COPY_PHASE_STRIP = NO;
				DEBUG_INFORMATION_FORMAT = "dwarf-with-dsym";
				ENABLE_STRICT_OBJC_MSGSEND = YES;
				ENABLE_TESTABILITY = YES;
				GCC_C_LANGUAGE_STANDARD = gnu99;
				GCC_DYNAMIC_NO_PIC = NO;
				GCC_NO_COMMON_BLOCKS = YES;
				GCC_OPTIMIZATION_LEVEL = 0;
				GCC_PREPROCESSOR_DEFINITIONS = (
					"DEBUG=1",
					"$(inherited)",
				);
				GCC_SYMBOLS_PRIVATE_EXTERN = NO;
				GCC_WARN_64_TO_32_BIT_CONVERSION = YES;
				GCC_WARN_ABOUT_RETURN_TYPE = YES_ERROR;
				GCC_WARN_UNDECLARED_SELECTOR = YES;
				GCC_WARN_UNINITIALIZED_AUTOS = YES_AGGRESSIVE;
				GCC_WARN_UNUSED_FUNCTION = YES;
				GCC_WARN_UNUSED_VARIABLE = YES;
				IPHONEOS_DEPLOYMENT_TARGET = 8.4;
				MTL_ENABLE_DEBUG_INFO = YES;
				ONLY_ACTIVE_ARCH = YES;
				SDKROOT = iphoneos;
				SWIFT_OPTIMIZATION_LEVEL = "-Onone";
				TARGETED_DEVICE_FAMILY = "1,2";
			};
			name = Debug;
		};
		71DBC7601BB5BA3C001B25ED /* Release */ = {
			isa = XCBuildConfiguration;
			buildSettings = {
				ALWAYS_SEARCH_USER_PATHS = NO;
				CLANG_CXX_LANGUAGE_STANDARD = "gnu++0x";
				CLANG_CXX_LIBRARY = "libc++";
				CLANG_ENABLE_MODULES = YES;
				CLANG_ENABLE_OBJC_ARC = YES;
				CLANG_WARN_BOOL_CONVERSION = YES;
				CLANG_WARN_CONSTANT_CONVERSION = YES;
				CLANG_WARN_DIRECT_OBJC_ISA_USAGE = YES_ERROR;
				CLANG_WARN_EMPTY_BODY = YES;
				CLANG_WARN_ENUM_CONVERSION = YES;
				CLANG_WARN_INT_CONVERSION = YES;
				CLANG_WARN_OBJC_ROOT_CLASS = YES_ERROR;
				CLANG_WARN_UNREACHABLE_CODE = YES;
				CLANG_WARN__DUPLICATE_METHOD_MATCH = YES;
				"CODE_SIGN_IDENTITY[sdk=iphoneos*]" = "iPhone Developer";
				COPY_PHASE_STRIP = NO;
				DEBUG_INFORMATION_FORMAT = "dwarf-with-dsym";
				ENABLE_NS_ASSERTIONS = NO;
				ENABLE_STRICT_OBJC_MSGSEND = YES;
				GCC_C_LANGUAGE_STANDARD = gnu99;
				GCC_NO_COMMON_BLOCKS = YES;
				GCC_WARN_64_TO_32_BIT_CONVERSION = YES;
				GCC_WARN_ABOUT_RETURN_TYPE = YES_ERROR;
				GCC_WARN_UNDECLARED_SELECTOR = YES;
				GCC_WARN_UNINITIALIZED_AUTOS = YES_AGGRESSIVE;
				GCC_WARN_UNUSED_FUNCTION = YES;
				GCC_WARN_UNUSED_VARIABLE = YES;
				IPHONEOS_DEPLOYMENT_TARGET = 8.4;
				MTL_ENABLE_DEBUG_INFO = NO;
				SDKROOT = iphoneos;
				TARGETED_DEVICE_FAMILY = "1,2";
				VALIDATE_PRODUCT = YES;
			};
			name = Release;
		};
		71DBC7621BB5BA3C001B25ED /* Debug */ = {
			isa = XCBuildConfiguration;
			buildSettings = {
				ASSETCATALOG_COMPILER_APPICON_NAME = AppIcon;
				CLANG_ENABLE_MODULES = YES;
				FRAMEWORK_SEARCH_PATHS = (
					"$(inherited)",
					"$(PROJECT_DIR)/College",
					Reminder,
					"$(PROJECT_DIR)",
				);
				INFOPLIST_FILE = "College Reminder/Info.plist";
				LD_RUNPATH_SEARCH_PATHS = "$(inherited) @executable_path/Frameworks";
				PRODUCT_BUNDLE_IDENTIFIER = "com.alejandrocasanas.$(PRODUCT_NAME:rfc1034identifier)";
				PRODUCT_NAME = "$(TARGET_NAME)";
				SWIFT_OBJC_BRIDGING_HEADER = "College Reminder/College Reminder-Bridging-Header.h";
				SWIFT_OPTIMIZATION_LEVEL = "-Onone";
			};
			name = Debug;
		};
		71DBC7631BB5BA3C001B25ED /* Release */ = {
			isa = XCBuildConfiguration;
			buildSettings = {
				ASSETCATALOG_COMPILER_APPICON_NAME = AppIcon;
				CLANG_ENABLE_MODULES = YES;
				FRAMEWORK_SEARCH_PATHS = (
					"$(inherited)",
					"$(PROJECT_DIR)/College",
					Reminder,
					"$(PROJECT_DIR)",
				);
				INFOPLIST_FILE = "College Reminder/Info.plist";
				LD_RUNPATH_SEARCH_PATHS = "$(inherited) @executable_path/Frameworks";
				PRODUCT_BUNDLE_IDENTIFIER = "com.alejandrocasanas.$(PRODUCT_NAME:rfc1034identifier)";
				PRODUCT_NAME = "$(TARGET_NAME)";
				SWIFT_OBJC_BRIDGING_HEADER = "College Reminder/College Reminder-Bridging-Header.h";
			};
			name = Release;
		};
		71DBC7651BB5BA3C001B25ED /* Debug */ = {
			isa = XCBuildConfiguration;
			buildSettings = {
				BUNDLE_LOADER = "$(TEST_HOST)";
				FRAMEWORK_SEARCH_PATHS = (
					"$(SDKROOT)/Developer/Library/Frameworks",
					"$(inherited)",
				);
				GCC_PREPROCESSOR_DEFINITIONS = (
					"DEBUG=1",
					"$(inherited)",
				);
				INFOPLIST_FILE = "College ReminderTests/Info.plist";
				LD_RUNPATH_SEARCH_PATHS = "$(inherited) @executable_path/Frameworks @loader_path/Frameworks";
				PRODUCT_BUNDLE_IDENTIFIER = "com.alejandrocasanas.$(PRODUCT_NAME:rfc1034identifier)";
				PRODUCT_NAME = "$(TARGET_NAME)";
				TEST_HOST = "$(BUILT_PRODUCTS_DIR)/College Reminder.app/College Reminder";
			};
			name = Debug;
		};
		71DBC7661BB5BA3C001B25ED /* Release */ = {
			isa = XCBuildConfiguration;
			buildSettings = {
				BUNDLE_LOADER = "$(TEST_HOST)";
				FRAMEWORK_SEARCH_PATHS = (
					"$(SDKROOT)/Developer/Library/Frameworks",
					"$(inherited)",
				);
				INFOPLIST_FILE = "College ReminderTests/Info.plist";
				LD_RUNPATH_SEARCH_PATHS = "$(inherited) @executable_path/Frameworks @loader_path/Frameworks";
				PRODUCT_BUNDLE_IDENTIFIER = "com.alejandrocasanas.$(PRODUCT_NAME:rfc1034identifier)";
				PRODUCT_NAME = "$(TARGET_NAME)";
				TEST_HOST = "$(BUILT_PRODUCTS_DIR)/College Reminder.app/College Reminder";
			};
			name = Release;
		};
/* End XCBuildConfiguration section */

/* Begin XCConfigurationList section */
		71DBC73D1BB5BA3C001B25ED /* Build configuration list for PBXProject "College Reminder" */ = {
			isa = XCConfigurationList;
			buildConfigurations = (
				71DBC75F1BB5BA3C001B25ED /* Debug */,
				71DBC7601BB5BA3C001B25ED /* Release */,
			);
			defaultConfigurationIsVisible = 0;
			defaultConfigurationName = Release;
		};
		71DBC7611BB5BA3C001B25ED /* Build configuration list for PBXNativeTarget "College Reminder" */ = {
			isa = XCConfigurationList;
			buildConfigurations = (
				71DBC7621BB5BA3C001B25ED /* Debug */,
				71DBC7631BB5BA3C001B25ED /* Release */,
			);
			defaultConfigurationIsVisible = 0;
			defaultConfigurationName = Release;
		};
		71DBC7641BB5BA3C001B25ED /* Build configuration list for PBXNativeTarget "College ReminderTests" */ = {
			isa = XCConfigurationList;
			buildConfigurations = (
				71DBC7651BB5BA3C001B25ED /* Debug */,
				71DBC7661BB5BA3C001B25ED /* Release */,
			);
			defaultConfigurationIsVisible = 0;
			defaultConfigurationName = Release;
		};
/* End XCConfigurationList section */
	};
	rootObject = 71DBC73A1BB5BA3C001B25ED /* Project object */;
}
